
Microsoft Visual Studio Solution File, Format Version 12.00
# Visual Studio Version 17
VisualStudioVersion = 17.10.35004.147
MinimumVisualStudioVersion = 10.0.40219.1
Project("{FAE04EC0-301F-11D3-BF4B-00C04F79EFBC}") = "EventManager", "EventManager.csproj", "{CBFF9019-3B36-4381-B753-0B7FAD83E67F}"
EndProject
Global
	GlobalSection(SolutionConfigurationPlatforms) = preSolution
		Debug|Any CPU = Debug|Any CPU
		Release|Any CPU = Release|Any CPU
	EndGlobalSection
	GlobalSection(ProjectConfigurationPlatforms) = postSolution
		{CBFF9019-3B36-4381-B753-0B7FAD83E67F}.Debug|Any CPU.ActiveCfg = Debug|Any CPU
		{CBFF9019-3B36-4381-B753-0B7FAD83E67F}.Debug|Any CPU.Build.0 = Debug|Any CPU
		{CBFF9019-3B36-4381-B753-0B7FAD83E67F}.Release|Any CPU.ActiveCfg = Release|Any CPU
		{CBFF9019-3B36-4381-B753-0B7FAD83E67F}.Release|Any CPU.Build.0 = Release|Any CPU
	EndGlobalSection
	GlobalSection(SolutionProperties) = preSolution
		HideSolutionNode = FALSE
	EndGlobalSection
	GlobalSection(ExtensibilityGlobals) = postSolution
		SolutionGuid = {3E31A2AC-6ADA-4DDD-A1B1-B6DF7558E63A}
	EndGlobalSection
EndGlobal
